# @generated - this file is auto-generated by `mise lock` https://mise.en.dev/dev-tools/mise-lock.html

[[tools."github:DevinR528/cargo-sort"]]
version = "2.1.3"
backend = "github:DevinR528/cargo-sort"

[tools."github:DevinR528/cargo-sort"."platforms.linux-x64"]
checksum = "sha256:12f7bb3c314ae6a9f9e3d53bafc2e16b869b29e4b22811de75859f4849531a72"
url = "https://github.com/DevinR528/cargo-sort/releases/download/v2.1.3/cargo-sort-x86_64-unknown-linux-gnu.tar.gz"
url_api = "https://api.github.com/repos/DevinR528/cargo-sort/releases/assets/376683045"

[tools."github:DevinR528/cargo-sort"."platforms.linux-x64-musl"]
checksum = "sha256:12f7bb3c314ae6a9f9e3d53bafc2e16b869b29e4b22811de75859f4849531a72"
url = "https://github.com/DevinR528/cargo-sort/releases/download/v2.1.3/cargo-sort-x86_64-unknown-linux-gnu.tar.gz"
url_api = "https://api.github.com/repos/DevinR528/cargo-sort/releases/assets/376683045"

[tools."github:DevinR528/cargo-sort"."platforms.macos-arm64"]
checksum = "sha256:bc5e16d43dda4a7177268028350b21c770625fd2e52304ea402751573b0a00b8"
url = "https://github.com/DevinR528/cargo-sort/releases/download/v2.1.3/cargo-sort-aarch64-apple-darwin.tar.gz"
url_api = "https://api.github.com/repos/DevinR528/cargo-sort/releases/assets/376683067"

[tools."github:DevinR528/cargo-sort"."platforms.windows-x64"]
checksum = "sha256:3cbd35a013d1a4d6291ae8a39855f0b5ca1525ac2ac2e4b340385551a97f61fd"
url = "https://github.com/DevinR528/cargo-sort/releases/download/v2.1.3/cargo-sort-x86_64-pc-windows-msvc.zip"
url_api = "https://api.github.com/repos/DevinR528/cargo-sort/releases/assets/376683455"

[[tools."github:dfinity/ic-wasm"]]
version = "0.9.10"
backend = "github:dfinity/ic-wasm"

[tools."github:dfinity/ic-wasm"."platforms.linux-arm64"]
checksum = "sha256:2fca547e55c021bb351ea67067cd13adbb59f8d781c30dfe19c0a87e6a05dfe9"
url = "https://github.com/dfinity/ic-wasm/releases/download/0.9.10/ic-wasm-aarch64-unknown-linux-gnu.tar.xz"
url_api = "https://api.github.com/repos/dfinity/ic-wasm/releases/assets/339625384"

[tools."github:dfinity/ic-wasm"."platforms.linux-arm64-musl"]
checksum = "sha256:2fca547e55c021bb351ea67067cd13adbb59f8d781c30dfe19c0a87e6a05dfe9"
url = "https://github.com/dfinity/ic-wasm/releases/download/0.9.10/ic-wasm-aarch64-unknown-linux-gnu.tar.xz"
url_api = "https://api.github.com/repos/dfinity/ic-wasm/releases/assets/339625384"

[tools."github:dfinity/ic-wasm"."platforms.linux-x64"]
checksum = "sha256:54f7a100273b2cfbb993b4de1358523c453936d6f80b0cb340ec35e6fd0b5703"
url = "https://github.com/dfinity/ic-wasm/releases/download/0.9.10/ic-wasm-x86_64-unknown-linux-gnu.tar.xz"
url_api = "https://api.github.com/repos/dfinity/ic-wasm/releases/assets/339625404"

[tools."github:dfinity/ic-wasm"."platforms.linux-x64-musl"]
checksum = "sha256:153f2005114ec286cddda7e715d1bed22c4f406d8ac843c39e603f0ec7afed23"
url = "https://github.com/dfinity/ic-wasm/releases/download/0.9.10/ic-wasm-x86_64-unknown-linux-musl.tar.xz"
url_api = "https://api.github.com/repos/dfinity/ic-wasm/releases/assets/339625407"

[tools."github:dfinity/ic-wasm"."platforms.macos-arm64"]
checksum = "sha256:f594fc903518b92edbe528e0ffe3d0d910dae9567a35d14fa178b82e35ab93cc"
url = "https://github.com/dfinity/ic-wasm/releases/download/0.9.10/ic-wasm-aarch64-apple-darwin.tar.xz"
url_api = "https://api.github.com/repos/dfinity/ic-wasm/releases/assets/339625380"

[tools."github:dfinity/ic-wasm"."platforms.macos-x64"]
checksum = "sha256:353e2b0e8a4846752c27760bf12e734aa99712606b621f7e0badc5a5eaaff9da"
url = "https://github.com/dfinity/ic-wasm/releases/download/0.9.10/ic-wasm-x86_64-apple-darwin.tar.xz"
url_api = "https://api.github.com/repos/dfinity/ic-wasm/releases/assets/339625394"

[tools."github:dfinity/ic-wasm"."platforms.windows-x64"]
checksum = "sha256:6e8ef0db837c8e89788924dc2285bd1649530af5f93c391fbd1b0df61f9af2ce"
url = "https://github.com/dfinity/ic-wasm/releases/download/0.9.10/ic-wasm-x86_64-pc-windows-msvc.zip"
url_api = "https://api.github.com/repos/dfinity/ic-wasm/releases/assets/339625398"

[[tools.just]]
version = "1.38.0"
backend = "aqua:casey/just"

[tools.just."platforms.linux-arm64"]
url = "https://github.com/casey/just/releases/download/1.38.0/just-1.38.0-aarch64-unknown-linux-musl.tar.gz"

[tools.just."platforms.linux-arm64-musl"]
url = "https://github.com/casey/just/releases/download/1.38.0/just-1.38.0-aarch64-unknown-linux-musl.tar.gz"

[tools.just."platforms.linux-x64"]
url = "https://github.com/casey/just/releases/download/1.38.0/just-1.38.0-x86_64-unknown-linux-musl.tar.gz"

[tools.just."platforms.linux-x64-musl"]
url = "https://github.com/casey/just/releases/download/1.38.0/just-1.38.0-x86_64-unknown-linux-musl.tar.gz"

[tools.just."platforms.macos-arm64"]
url = "https://github.com/casey/just/releases/download/1.38.0/just-1.38.0-aarch64-apple-darwin.tar.gz"

[tools.just."platforms.macos-x64"]
url = "https://github.com/casey/just/releases/download/1.38.0/just-1.38.0-x86_64-apple-darwin.tar.gz"

[tools.just."platforms.windows-x64"]
url = "https://github.com/casey/just/releases/download/1.38.0/just-1.38.0-x86_64-pc-windows-msvc.zip"

[[tools.rust]]
version = "1.93.0"
backend = "core:rust"
